// !$*UTF8*$!
{
	archiveVersion = 1;
	classes = {
	};
	objectVersion = 46;
	objects = {

/* Begin PBXBuildFile section */
		8C941AF31DB4C23B009E8710 /* ManagedObjectHelpers.swift in Sources */ = {isa = PBXBuildFile; fileRef = 8C941AF21DB4C23B009E8710 /* ManagedObjectHelpers.swift */; };
		8CB0FAF31DB383FE00B1E89F /* AppDelegate.swift in Sources */ = {isa = PBXBuildFile; fileRef = 8CB0FAF21DB383FE00B1E89F /* AppDelegate.swift */; };
		8CB0FAF61DB383FE00B1E89F /* CoreDataHelper.xcdatamodeld in Sources */ = {isa = PBXBuildFile; fileRef = 8CB0FAF41DB383FE00B1E89F /* CoreDataHelper.xcdatamodeld */; };
		8CB0FAF81DB383FE00B1E89F /* MasterViewController.swift in Sources */ = {isa = PBXBuildFile; fileRef = 8CB0FAF71DB383FE00B1E89F /* MasterViewController.swift */; };
		8CB0FAFA1DB383FE00B1E89F /* DetailViewController.swift in Sources */ = {isa = PBXBuildFile; fileRef = 8CB0FAF91DB383FE00B1E89F /* DetailViewController.swift */; };
		8CB0FAFD1DB383FE00B1E89F /* Main.storyboard in Resources */ = {isa = PBXBuildFile; fileRef = 8CB0FAFB1DB383FE00B1E89F /* Main.storyboard */; };
		8CB0FAFF1DB383FE00B1E89F /* Assets.xcassets in Resources */ = {isa = PBXBuildFile; fileRef = 8CB0FAFE1DB383FE00B1E89F /* Assets.xcassets */; };
		8CB0FB021DB383FE00B1E89F /* LaunchScreen.storyboard in Resources */ = {isa = PBXBuildFile; fileRef = 8CB0FB001DB383FE00B1E89F /* LaunchScreen.storyboard */; };
		8CB0FB0D1DB383FF00B1E89F /* CoreDataHelperTests.swift in Sources */ = {isa = PBXBuildFile; fileRef = 8CB0FB0C1DB383FF00B1E89F /* CoreDataHelperTests.swift */; };
		8CB0FB291DB3845800B1E89F /* CoreData.swift in Sources */ = {isa = PBXBuildFile; fileRef = 8CB0FB281DB3845800B1E89F /* CoreData.swift */; };
/* End PBXBuildFile section */

/* Begin PBXContainerItemProxy section */
		8CB0FB091DB383FF00B1E89F /* PBXContainerItemProxy */ = {
			isa = PBXContainerItemProxy;
			containerPortal = 8CB0FAE71DB383FE00B1E89F /* Project object */;
			proxyType = 1;
			remoteGlobalIDString = 8CB0FAEE1DB383FE00B1E89F;
			remoteInfo = CoreDataHelper;
		};
/* End PBXContainerItemProxy section */

/* Begin PBXFileReference section */
		8C941AF21DB4C23B009E8710 /* ManagedObjectHelpers.swift */ = {isa = PBXFileReference; fileEncoding = 4; lastKnownFileType = sourcecode.swift; path = ManagedObjectHelpers.swift; sourceTree = "<group>"; };
		8CB0FAEF1DB383FE00B1E89F /* CoreDataHelper.app */ = {isa = PBXFileReference; explicitFileType = wrapper.application; includeInIndex = 0; path = CoreDataHelper.app; sourceTree = BUILT_PRODUCTS_DIR; };
		8CB0FAF21DB383FE00B1E89F /* AppDelegate.swift */ = {isa = PBXFileReference; lastKnownFileType = sourcecode.swift; path = AppDelegate.swift; sourceTree = "<group>"; };
		8CB0FAF51DB383FE00B1E89F /* CoreDataHelper.xcdatamodel */ = {isa = PBXFileReference; lastKnownFileType = wrapper.xcdatamodel; path = CoreDataHelper.xcdatamodel; sourceTree = "<group>"; };
		8CB0FAF71DB383FE00B1E89F /* MasterViewController.swift */ = {isa = PBXFileReference; lastKnownFileType = sourcecode.swift; path = MasterViewController.swift; sourceTree = "<group>"; };
		8CB0FAF91DB383FE00B1E89F /* DetailViewController.swift */ = {isa = PBXFileReference; lastKnownFileType = sourcecode.swift; path = DetailViewController.swift; sourceTree = "<group>"; };
		8CB0FAFC1DB383FE00B1E89F /* Base */ = {isa = PBXFileReference; lastKnownFileType = file.storyboard; name = Base; path = Base.lproj/Main.storyboard; sourceTree = "<group>"; };
		8CB0FAFE1DB383FE00B1E89F /* Assets.xcassets */ = {isa = PBXFileReference; lastKnownFileType = folder.assetcatalog; path = Assets.xcassets; sourceTree = "<group>"; };
		8CB0FB011DB383FE00B1E89F /* Base */ = {isa = PBXFileReference; lastKnownFileType = file.storyboard; name = Base; path = Base.lproj/LaunchScreen.storyboard; sourceTree = "<group>"; };
		8CB0FB031DB383FE00B1E89F /* Info.plist */ = {isa = PBXFileReference; lastKnownFileType = text.plist.xml; path = Info.plist; sourceTree = "<group>"; };
		8CB0FB081DB383FF00B1E89F /* CoreDataHelperTests.xctest */ = {isa = PBXFileReference; explicitFileType = wrapper.cfbundle; includeInIndex = 0; path = CoreDataHelperTests.xctest; sourceTree = BUILT_PRODUCTS_DIR; };
		8CB0FB0C1DB383FF00B1E89F /* CoreDataHelperTests.swift */ = {isa = PBXFileReference; lastKnownFileType = sourcecode.swift; path = CoreDataHelperTests.swift; sourceTree = "<group>"; };
		8CB0FB0E1DB383FF00B1E89F /* Info.plist */ = {isa = PBXFileReference; lastKnownFileType = text.plist.xml; path = Info.plist; sourceTree = "<group>"; };
		8CB0FB281DB3845800B1E89F /* CoreData.swift */ = {isa = PBXFileReference; fileEncoding = 4; lastKnownFileType = sourcecode.swift; path = CoreData.swift; sourceTree = "<group>"; };
/* End PBXFileReference section */

/* Begin PBXFrameworksBuildPhase section */
		8CB0FAEC1DB383FE00B1E89F /* Frameworks */ = {
			isa = PBXFrameworksBuildPhase;
			buildActionMask = 2147483647;
			files = (
			);
			runOnlyForDeploymentPostprocessing = 0;
		};
		8CB0FB051DB383FF00B1E89F /* Frameworks */ = {
			isa = PBXFrameworksBuildPhase;
			buildActionMask = 2147483647;
			files = (
			);
			runOnlyForDeploymentPostprocessing = 0;
		};
/* End PBXFrameworksBuildPhase section */

/* Begin PBXGroup section */
		8CB0FAE61DB383FE00B1E89F = {
			isa = PBXGroup;
			children = (
				8CB0FAF11DB383FE00B1E89F /* CoreDataHelper */,
				8CB0FB0B1DB383FF00B1E89F /* CoreDataHelperTests */,
				8CB0FAF01DB383FE00B1E89F /* Products */,
			);
			sourceTree = "<group>";
		};
		8CB0FAF01DB383FE00B1E89F /* Products */ = {
			isa = PBXGroup;
			children = (
				8CB0FAEF1DB383FE00B1E89F /* CoreDataHelper.app */,
				8CB0FB081DB383FF00B1E89F /* CoreDataHelperTests.xctest */,
			);
			name = Products;
			sourceTree = "<group>";
		};
		8CB0FAF11DB383FE00B1E89F /* CoreDataHelper */ = {
			isa = PBXGroup;
			children = (
				8CB0FB271DB3844300B1E89F /* Core Data Stack */,
				8CB0FAF21DB383FE00B1E89F /* AppDelegate.swift */,
				8CB0FAF71DB383FE00B1E89F /* MasterViewController.swift */,
				8CB0FAF91DB383FE00B1E89F /* DetailViewController.swift */,
				8CB0FAFB1DB383FE00B1E89F /* Main.storyboard */,
				8CB0FAFE1DB383FE00B1E89F /* Assets.xcassets */,
				8CB0FB001DB383FE00B1E89F /* LaunchScreen.storyboard */,
				8CB0FB031DB383FE00B1E89F /* Info.plist */,
				8CB0FAF41DB383FE00B1E89F /* CoreDataHelper.xcdatamodeld */,
			);
			path = CoreDataHelper;
			sourceTree = "<group>";
		};
		8CB0FB0B1DB383FF00B1E89F /* CoreDataHelperTests */ = {
			isa = PBXGroup;
			children = (
				8CB0FB0C1DB383FF00B1E89F /* CoreDataHelperTests.swift */,
				8CB0FB0E1DB383FF00B1E89F /* Info.plist */,
			);
			path = CoreDataHelperTests;
			sourceTree = "<group>";
		};
		8CB0FB271DB3844300B1E89F /* Core Data Stack */ = {
			isa = PBXGroup;
			children = (
				8CB0FB281DB3845800B1E89F /* CoreData.swift */,
				8C941AF21DB4C23B009E8710 /* ManagedObjectHelpers.swift */,
			);
			path = "Core Data Stack";
			sourceTree = "<group>";
		};
/* End PBXGroup section */

/* Begin PBXNativeTarget section */
		8CB0FAEE1DB383FE00B1E89F /* CoreDataHelper */ = {
			isa = PBXNativeTarget;
			buildConfigurationList = 8CB0FB1C1DB383FF00B1E89F /* Build configuration list for PBXNativeTarget "CoreDataHelper" */;
			buildPhases = (
				8CB0FAEB1DB383FE00B1E89F /* Sources */,
				8CB0FAEC1DB383FE00B1E89F /* Frameworks */,
				8CB0FAED1DB383FE00B1E89F /* Resources */,
			);
			buildRules = (
			);
			dependencies = (
			);
			name = CoreDataHelper;
			productName = CoreDataHelper;
			productReference = 8CB0FAEF1DB383FE00B1E89F /* CoreDataHelper.app */;
			productType = "com.apple.product-type.application";
		};
		8CB0FB071DB383FF00B1E89F /* CoreDataHelperTests */ = {
			isa = PBXNativeTarget;
			buildConfigurationList = 8CB0FB1F1DB383FF00B1E89F /* Build configuration list for PBXNativeTarget "CoreDataHelperTests" */;
			buildPhases = (
				8CB0FB041DB383FF00B1E89F /* Sources */,
				8CB0FB051DB383FF00B1E89F /* Frameworks */,
				8CB0FB061DB383FF00B1E89F /* Resources */,
			);
			buildRules = (
			);
			dependencies = (
				8CB0FB0A1DB383FF00B1E89F /* PBXTargetDependency */,
			);
			name = CoreDataHelperTests;
			productName = CoreDataHelperTests;
			productReference = 8CB0FB081DB383FF00B1E89F /* CoreDataHelperTests.xctest */;
			productType = "com.apple.product-type.bundle.unit-test";
		};
/* End PBXNativeTarget section */

/* Begin PBXProject section */
		8CB0FAE71DB383FE00B1E89F /* Project object */ = {
			isa = PBXProject;
			attributes = {
				LastSwiftUpdateCheck = 0800;
				LastUpgradeCheck = 0800;
				ORGANIZATIONNAME = "Minty Water Ltd";
				TargetAttributes = {
					8CB0FAEE1DB383FE00B1E89F = {
						CreatedOnToolsVersion = 8.0;
						ProvisioningStyle = Automatic;
					};
					8CB0FB071DB383FF00B1E89F = {
						CreatedOnToolsVersion = 8.0;
						ProvisioningStyle = Automatic;
						TestTargetID = 8CB0FAEE1DB383FE00B1E89F;
					};
				};
			};
			buildConfigurationList = 8CB0FAEA1DB383FE00B1E89F /* Build configuration list for PBXProject "CoreDataHelper" */;
			compatibilityVersion = "Xcode 3.2";
			developmentRegion = English;
			hasScannedForEncodings = 0;
			knownRegions = (
				en,
				Base,
			);
			mainGroup = 8CB0FAE61DB383FE00B1E89F;
			productRefGroup = 8CB0FAF01DB383FE00B1E89F /* Products */;
			projectDirPath = "";
			projectRoot = "";
			targets = (
				8CB0FAEE1DB383FE00B1E89F /* CoreDataHelper */,
				8CB0FB071DB383FF00B1E89F /* CoreDataHelperTests */,
			);
		};
/* End PBXProject section */

/* Begin PBXResourcesBuildPhase section */
		8CB0FAED1DB383FE00B1E89F /* Resources */ = {
			isa = PBXResourcesBuildPhase;
			buildActionMask = 2147483647;
			files = (
				8CB0FB021DB383FE00B1E89F /* LaunchScreen.storyboard in Resources */,
				8CB0FAFF1DB383FE00B1E89F /* Assets.xcassets in Resources */,
				8CB0FAFD1DB383FE00B1E89F /* Main.storyboard in Resources */,
			);
			runOnlyForDeploymentPostprocessing = 0;
		};
		8CB0FB061DB383FF00B1E89F /* Resources */ = {
			isa = PBXResourcesBuildPhase;
			buildActionMask = 2147483647;
			files = (
			);
			runOnlyForDeploymentPostprocessing = 0;
		};
/* End PBXResourcesBuildPhase section */

/* Begin PBXSourcesBuildPhase section */
		8CB0FAEB1DB383FE00B1E89F /* Sources */ = {
			isa = PBXSourcesBuildPhase;
			buildActionMask = 2147483647;
			files = (
				8CB0FAF61DB383FE00B1E89F /* CoreDataHelper.xcdatamodeld in Sources */,
				8CB0FB291DB3845800B1E89F /* CoreData.swift in Sources */,
				8CB0FAF31DB383FE00B1E89F /* AppDelegate.swift in Sources */,
				8CB0FAF81DB383FE00B1E89F /* MasterViewController.swift in Sources */,
				8C941AF31DB4C23B009E8710 /* ManagedObjectHelpers.swift in Sources */,
				8CB0FAFA1DB383FE00B1E89F /* DetailViewController.swift in Sources */,
			);
			runOnlyForDeploymentPostprocessing = 0;
		};
		8CB0FB041DB383FF00B1E89F /* Sources */ = {
			isa = PBXSourcesBuildPhase;
			buildActionMask = 2147483647;
			files = (
				8CB0FB0D1DB383FF00B1E89F /* CoreDataHelperTests.swift in Sources */,
			);
			runOnlyForDeploymentPostprocessing = 0;
		};
/* End PBXSourcesBuildPhase section */

/* Begin PBXTargetDependency section */
		8CB0FB0A1DB383FF00B1E89F /* PBXTargetDependency */ = {
			isa = PBXTargetDependency;
			target = 8CB0FAEE1DB383FE00B1E89F /* CoreDataHelper */;
			targetProxy = 8CB0FB091DB383FF00B1E89F /* PBXContainerItemProxy */;
		};
/* End PBXTargetDependency section */

/* Begin PBXVariantGroup section */
		8CB0FAFB1DB383FE00B1E89F /* Main.storyboard */ = {
			isa = PBXVariantGroup;
			children = (
				8CB0FAFC1DB383FE00B1E89F /* Base */,
			);
			name = Main.storyboard;
			sourceTree = "<group>";
		};
		8CB0FB001DB383FE00B1E89F /* LaunchScreen.storyboard */ = {
			isa = PBXVariantGroup;
			children = (
				8CB0FB011DB383FE00B1E89F /* Base */,
			);
			name = LaunchScreen.storyboard;
			sourceTree = "<group>";
		};
/* End PBXVariantGroup section */

/* Begin XCBuildConfiguration section */
		8CB0FB1A1DB383FF00B1E89F /* Debug */ = {
			isa = XCBuildConfiguration;
			buildSettings = {
				ALWAYS_SEARCH_USER_PATHS = NO;
				CLANG_ANALYZER_NONNULL = YES;
				CLANG_CXX_LANGUAGE_STANDARD = "gnu++0x";
				CLANG_CXX_LIBRARY = "libc++";
				CLANG_ENABLE_MODULES = YES;
				CLANG_ENABLE_OBJC_ARC = YES;
				CLANG_WARN_BOOL_CONVERSION = YES;
				CLANG_WARN_CONSTANT_CONVERSION = YES;
				CLANG_WARN_DIRECT_OBJC_ISA_USAGE = YES_ERROR;
				CLANG_WARN_DOCUMENTATION_COMMENTS = YES;
				CLANG_WARN_EMPTY_BODY = YES;
				CLANG_WARN_ENUM_CONVERSION = YES;
				CLANG_WARN_INFINITE_RECURSION = YES;
				CLANG_WARN_INT_CONVERSION = YES;
				CLANG_WARN_OBJC_ROOT_CLASS = YES_ERROR;
				CLANG_WARN_SUSPICIOUS_MOVES = YES;
				CLANG_WARN_UNREACHABLE_CODE = YES;
				CLANG_WARN__DUPLICATE_METHOD_MATCH = YES;
				"CODE_SIGN_IDENTITY[sdk=iphoneos*]" = "iPhone Developer";
				COPY_PHASE_STRIP = NO;
				DEBUG_INFORMATION_FORMAT = dwarf;
				ENABLE_STRICT_OBJC_MSGSEND = YES;
				ENABLE_TESTABILITY = YES;
				GCC_C_LANGUAGE_STANDARD = gnu99;
				GCC_DYNAMIC_NO_PIC = NO;
				GCC_NO_COMMON_BLOCKS = YES;
				GCC_OPTIMIZATION_LEVEL = 0;
				GCC_PREPROCESSOR_DEFINITIONS = (
					"DEBUG=1",
					"$(inherited)",
				);
				GCC_WARN_64_TO_32_BIT_CONVERSION = YES;
				GCC_WARN_ABOUT_RETURN_TYPE = YES_ERROR;
				GCC_WARN_UNDECLARED_SELECTOR = YES;
				GCC_WARN_UNINITIALIZED_AUTOS = YES_AGGRESSIVE;
				GCC_WARN_UNUSED_FUNCTION = YES;
				GCC_WARN_UNUSED_VARIABLE = YES;
				IPHONEOS_DEPLOYMENT_TARGET = 10.0;
				MTL_ENABLE_DEBUG_INFO = YES;
				ONLY_ACTIVE_ARCH = YES;
				SDKROOT = iphoneos;
				SWIFT_ACTIVE_COMPILATION_CONDITIONS = DEBUG;
				SWIFT_OPTIMIZATION_LEVEL = "-Onone";
				TARGETED_DEVICE_FAMILY = "1,2";
			};
			name = Debug;
		};
		8CB0FB1B1DB383FF00B1E89F /* Release */ = {
			isa = XCBuildConfiguration;
			buildSettings = {
				ALWAYS_SEARCH_USER_PATHS = NO;
				CLANG_ANALYZER_NONNULL = YES;
				CLANG_CXX_LANGUAGE_STANDARD = "gnu++0x";
				CLANG_CXX_LIBRARY = "libc++";
				CLANG_ENABLE_MODULES = YES;
				CLANG_ENABLE_OBJC_ARC = YES;
				CLANG_WARN_BOOL_CONVERSION = YES;
				CLANG_WARN_CONSTANT_CONVERSION = YES;
				CLANG_WARN_DIRECT_OBJC_ISA_USAGE = YES_ERROR;
				CLANG_WARN_DOCUMENTATION_COMMENTS = YES;
				CLANG_WARN_EMPTY_BODY = YES;
				CLANG_WARN_ENUM_CONVERSION = YES;
				CLANG_WARN_INFINITE_RECURSION = YES;
				CLANG_WARN_INT_CONVERSION = YES;
				CLANG_WARN_OBJC_ROOT_CLASS = YES_ERROR;
				CLANG_WARN_SUSPICIOUS_MOVES = YES;
				CLANG_WARN_UNREACHABLE_CODE = YES;
				CLANG_WARN__DUPLICATE_METHOD_MATCH = YES;
				"CODE_SIGN_IDENTITY[sdk=iphoneos*]" = "iPhone Developer";
				COPY_PHASE_STRIP = NO;
				DEBUG_INFORMATION_FORMAT = "dwarf-with-dsym";
				ENABLE_NS_ASSERTIONS = NO;
				ENABLE_STRICT_OBJC_MSGSEND = YES;
				GCC_C_LANGUAGE_STANDARD = gnu99;
				GCC_NO_COMMON_BLOCKS = YES;
				GCC_WARN_64_TO_32_BIT_CONVERSION = YES;
				GCC_WARN_ABOUT_RETURN_TYPE = YES_ERROR;
				GCC_WARN_UNDECLARED_SELECTOR = YES;
				GCC_WARN_UNINITIALIZED_AUTOS = YES_AGGRESSIVE;
				GCC_WARN_UNUSED_FUNCTION = YES;
				GCC_WARN_UNUSED_VARIABLE = YES;
				IPHONEOS_DEPLOYMENT_TARGET = 10.0;
				MTL_ENABLE_DEBUG_INFO = NO;
				SDKROOT = iphoneos;
				SWIFT_OPTIMIZATION_LEVEL = "-Owholemodule";
				TARGETED_DEVICE_FAMILY = "1,2";
				VALIDATE_PRODUCT = YES;
			};
			name = Release;
		};
		8CB0FB1D1DB383FF00B1E89F /* Debug */ = {
			isa = XCBuildConfiguration;
			buildSettings = {
				ASSETCATALOG_COMPILER_APPICON_NAME = AppIcon;
				INFOPLIST_FILE = CoreDataHelper/Info.plist;
				LD_RUNPATH_SEARCH_PATHS = "$(inherited) @executable_path/Frameworks";
				PRODUCT_BUNDLE_IDENTIFIER = uk.co.mintywaterltd.CoreDataHelper;
				PRODUCT_NAME = "$(TARGET_NAME)";
				SWIFT_VERSION = 3.0;
			};
			name = Debug;
		};
		8CB0FB1E1DB383FF00B1E89F /* Release */ = {
			isa = XCBuildConfiguration;
			buildSettings = {
				ASSETCATALOG_COMPILER_APPICON_NAME = AppIcon;
				INFOPLIST_FILE = CoreDataHelper/Info.plist;
				LD_RUNPATH_SEARCH_PATHS = "$(inherited) @executable_path/Frameworks";
				PRODUCT_BUNDLE_IDENTIFIER = uk.co.mintywaterltd.CoreDataHelper;
				PRODUCT_NAME = "$(TARGET_NAME)";
				SWIFT_VERSION = 3.0;
			};
			name = Release;
		};
		8CB0FB201DB383FF00B1E89F /* Debug */ = {
			isa = XCBuildConfiguration;
			buildSettings = {
				ALWAYS_EMBED_SWIFT_STANDARD_LIBRARIES = YES;
				BUNDLE_LOADER = "$(TEST_HOST)";
				INFOPLIST_FILE = CoreDataHelperTests/Info.plist;
				LD_RUNPATH_SEARCH_PATHS = "$(inherited) @executable_path/Frameworks @loader_path/Frameworks";
				PRODUCT_BUNDLE_IDENTIFIER = uk.co.mintywaterltd.CoreDataHelperTests;
				PRODUCT_NAME = "$(TARGET_NAME)";
				SWIFT_VERSION = 3.0;
				TEST_HOST = "$(BUILT_PRODUCTS_DIR)/CoreDataHelper.app/CoreDataHelper";
			};
			name = Debug;
		};
		8CB0FB211DB383FF00B1E89F /* Release */ = {
			isa = XCBuildConfiguration;
			buildSettings = {
				ALWAYS_EMBED_SWIFT_STANDARD_LIBRARIES = YES;
				BUNDLE_LOADER = "$(TEST_HOST)";
				INFOPLIST_FILE = CoreDataHelperTests/Info.plist;
				LD_RUNPATH_SEARCH_PATHS = "$(inherited) @executable_path/Frameworks @loader_path/Frameworks";
				PRODUCT_BUNDLE_IDENTIFIER = uk.co.mintywaterltd.CoreDataHelperTests;
				PRODUCT_NAME = "$(TARGET_NAME)";
				SWIFT_VERSION = 3.0;
				TEST_HOST = "$(BUILT_PRODUCTS_DIR)/CoreDataHelper.app/CoreDataHelper";
			};
			name = Release;
		};
/* End XCBuildConfiguration section */

/* Begin XCConfigurationList section */
		8CB0FAEA1DB383FE00B1E89F /* Build configuration list for PBXProject "CoreDataHelper" */ = {
			isa = XCConfigurationList;
			buildConfigurations = (
				8CB0FB1A1DB383FF00B1E89F /* Debug */,
				8CB0FB1B1DB383FF00B1E89F /* Release */,
			);
			defaultConfigurationIsVisible = 0;
			defaultConfigurationName = Release;
		};
		8CB0FB1C1DB383FF00B1E89F /* Build configuration list for PBXNativeTarget "CoreDataHelper" */ = {
			isa = XCConfigurationList;
			buildConfigurations = (
				8CB0FB1D1DB383FF00B1E89F /* Debug */,
				8CB0FB1E1DB383FF00B1E89F /* Release */,
			);
			defaultConfigurationIsVisible = 0;
			defaultConfigurationName = Release;
		};
		8CB0FB1F1DB383FF00B1E89F /* Build configuration list for PBXNativeTarget "CoreDataHelperTests" */ = {
			isa = XCConfigurationList;
			buildConfigurations = (
				8CB0FB201DB383FF00B1E89F /* Debug */,
				8CB0FB211DB383FF00B1E89F /* Release */,
			);
			defaultConfigurationIsVisible = 0;
			defaultConfigurationName = Release;
		};
/* End XCConfigurationList section */

/* Begin XCVersionGroup section */
		8CB0FAF41DB383FE00B1E89F /* CoreDataHelper.xcdatamodeld */ = {
			isa = XCVersionGroup;
			children = (
				8CB0FAF51DB383FE00B1E89F /* CoreDataHelper.xcdatamodel */,
			);
			currentVersion = 8CB0FAF51DB383FE00B1E89F /* CoreDataHelper.xcdatamodel */;
			path = CoreDataHelper.xcdatamodeld;
			sourceTree = "<group>";
			versionGroupType = wrapper.xcdatamodel;
		};
/* End XCVersionGroup section */
	};
	rootObject = 8CB0FAE71DB383FE00B1E89F /* Project object */;
}
